
Microsoft Visual Studio Solution File, Format Version 12.00
# Visual Studio Version 17
VisualStudioVersion = 17.8.34525.116
MinimumVisualStudioVersion = 10.0.40219.1
Project("{9A19103F-16F7-4668-BE54-9A1E7A4F7556}") = "Business", "Business\Business.csproj", "{9627BF57-9188-4DD0-B3B4-33903596BDBF}"
EndProject
Project("{9A19103F-16F7-4668-BE54-9A1E7A4F7556}") = "Entities", "Entities\Entities.csproj", "{D3DE34AB-7F3D-491F-AA49-F32AD4E5AE9F}"
EndProject
Project("{FAE04EC0-301F-11D3-BF4B-00C04F79EFBC}") = "WorkAround", "WorkAround\WorkAround.csproj", "{CF687C55-9394-4D71-8BDB-4CE73771A900}"
EndProject
Global
	GlobalSection(SolutionConfigurationPlatforms) = preSolution
		Debug|Any CPU = Debug|Any CPU
		Release|Any CPU = Release|Any CPU
	EndGlobalSection
	GlobalSection(ProjectConfigurationPlatforms) = postSolution
		{9627BF57-9188-4DD0-B3B4-33903596BDBF}.Debug|Any CPU.ActiveCfg = Debug|Any CPU
		{9627BF57-9188-4DD0-B3B4-33903596BDBF}.Debug|Any CPU.Build.0 = Debug|Any CPU
		{9627BF57-9188-4DD0-B3B4-33903596BDBF}.Release|Any CPU.ActiveCfg = Release|Any CPU
		{9627BF57-9188-4DD0-B3B4-33903596BDBF}.Release|Any CPU.Build.0 = Release|Any CPU
		{D3DE34AB-7F3D-491F-AA49-F32AD4E5AE9F}.Debug|Any CPU.ActiveCfg = Debug|Any CPU
		{D3DE34AB-7F3D-491F-AA49-F32AD4E5AE9F}.Debug|Any CPU.Build.0 = Debug|Any CPU
		{D3DE34AB-7F3D-491F-AA49-F32AD4E5AE9F}.Release|Any CPU.ActiveCfg = Release|Any CPU
		{D3DE34AB-7F3D-491F-AA49-F32AD4E5AE9F}.Release|Any CPU.Build.0 = Release|Any CPU
		{CF687C55-9394-4D71-8BDB-4CE73771A900}.Debug|Any CPU.ActiveCfg = Debug|Any CPU
		{CF687C55-9394-4D71-8BDB-4CE73771A900}.Debug|Any CPU.Build.0 = Debug|Any CPU
		{CF687C55-9394-4D71-8BDB-4CE73771A900}.Release|Any CPU.ActiveCfg = Release|Any CPU
		{CF687C55-9394-4D71-8BDB-4CE73771A900}.Release|Any CPU.Build.0 = Release|Any CPU
	EndGlobalSection
	GlobalSection(SolutionProperties) = preSolution
		HideSolutionNode = FALSE
	EndGlobalSection
	GlobalSection(ExtensibilityGlobals) = postSolution
		SolutionGuid = {EC72432F-08C8-4EEC-808A-CE7183F09F1F}
	EndGlobalSection
EndGlobal
